// !$*UTF8*$!
{
	archiveVersion = 1;
	classes = {
	};
	objectVersion = 77;
	objects = {

/* Begin PBXBuildFile section */
		081928A52E823CD500117E0B /* Assets.xcassets in Resources */ = {isa = PBXBuildFile; fileRef = 081928A12E823CD500117E0B /* Assets.xcassets */; };
		081928A62E823CD500117E0B /* ContentView.swift in Sources */ = {isa = PBXBuildFile; fileRef = 081928A22E823CD500117E0B /* ContentView.swift */; };
		081928A72E823CD500117E0B /* Project2_20251App.swift in Sources */ = {isa = PBXBuildFile; fileRef = 081928A32E823CD500117E0B /* Project2_20251App.swift */; };
		081928C72E823F7C00117E0B /* Tab.swift in Sources */ = {isa = PBXBuildFile; fileRef = 081928C62E823F7C00117E0B /* Tab.swift */; };
/* End PBXBuildFile section */

/* Begin PBXFileReference section */
		080CC0582E8117F80034A3EC /* Project2_20251.app */ = {isa = PBXFileReference; explicitFileType = wrapper.application; includeInIndex = 0; path = Project2_20251.app; sourceTree = BUILT_PRODUCTS_DIR; };
		081928A12E823CD500117E0B /* Assets.xcassets */ = {isa = PBXFileReference; lastKnownFileType = folder.assetcatalog; path = Assets.xcassets; sourceTree = "<group>"; };
		081928A22E823CD500117E0B /* ContentView.swift */ = {isa = PBXFileReference; lastKnownFileType = sourcecode.swift; path = ContentView.swift; sourceTree = "<group>"; };
		081928A32E823CD500117E0B /* Project2_20251App.swift */ = {isa = PBXFileReference; lastKnownFileType = sourcecode.swift; path = Project2_20251App.swift; sourceTree = "<group>"; };
		081928C62E823F7C00117E0B /* Tab.swift */ = {isa = PBXFileReference; lastKnownFileType = sourcecode.swift; path = Tab.swift; sourceTree = "<group>"; };
/* End PBXFileReference section */

/* Begin PBXFrameworksBuildPhase section */
		080CC0552E8117F80034A3EC /* Frameworks */ = {
			isa = PBXFrameworksBuildPhase;
			buildActionMask = 2147483647;
			files = (
			);
			runOnlyForDeploymentPostprocessing = 0;
		};
/* End PBXFrameworksBuildPhase section */

/* Begin PBXGroup section */
		080CC04F2E8117F80034A3EC = {
			isa = PBXGroup;
			children = (
				081928A42E823CD500117E0B /* Project2_20251 */,
				080CC0592E8117F80034A3EC /* Products */,
			);
			sourceTree = "<group>";
		};
		080CC0592E8117F80034A3EC /* Products */ = {
			isa = PBXGroup;
			children = (
				080CC0582E8117F80034A3EC /* Project2_20251.app */,
			);
			name = Products;
			sourceTree = "<group>";
		};
		081928A42E823CD500117E0B /* Project2_20251 */ = {
			isa = PBXGroup;
			children = (
				081928A82E823CD900117E0B /* App */,
				081928A92E823CE500117E0B /* Core */,
				081928AA2E823CF200117E0B /* Features */,
				081928A12E823CD500117E0B /* Assets.xcassets */,
				081928A22E823CD500117E0B /* ContentView.swift */,
			);
			path = Project2_20251;
			sourceTree = "<group>";
		};
		081928A82E823CD900117E0B /* App */ = {
			isa = PBXGroup;
			children = (
				081928A32E823CD500117E0B /* Project2_20251App.swift */,
			);
			path = App;
			sourceTree = "<group>";
		};
		081928A92E823CE500117E0B /* Core */ = {
			isa = PBXGroup;
			children = (
				081928AB2E823D0200117E0B /* DI */,
				081928AC2E823D0600117E0B /* Coordinator */,
				081928AD2E823D1100117E0B /* Domain */,
				081928AE2E823D1500117E0B /* Data */,
				081928AF2E823D1B00117E0B /* Shared */,
				081928B02E823D2700117E0B /* Resources */,
			);
			path = Core;
			sourceTree = "<group>";
		};
		081928AA2E823CF200117E0B /* Features */ = {
			isa = PBXGroup;
			children = (
				081928B12E823D4500117E0B /* Tabs */,
				081928B22E823D4B00117E0B /* Search */,
				081928B92E823D6400117E0B /* Learn */,
				081928BD2E823D6E00117E0B /* Review */,
				081928C12E823D7300117E0B /* Forum */,
				081928C52E823D7700117E0B /* Settings */,
			);
			path = Features;
			sourceTree = "<group>";
		};
		081928AB2E823D0200117E0B /* DI */ = {
			isa = PBXGroup;
			children = (
			);
			path = DI;
			sourceTree = "<group>";
		};
		081928AC2E823D0600117E0B /* Coordinator */ = {
			isa = PBXGroup;
			children = (
			);
			path = Coordinator;
			sourceTree = "<group>";
		};
		081928AD2E823D1100117E0B /* Domain */ = {
			isa = PBXGroup;
			children = (
			);
			path = Domain;
			sourceTree = "<group>";
		};
		081928AE2E823D1500117E0B /* Data */ = {
			isa = PBXGroup;
			children = (
			);
			path = Data;
			sourceTree = "<group>";
		};
		081928AF2E823D1B00117E0B /* Shared */ = {
			isa = PBXGroup;
			children = (
			);
			path = Shared;
			sourceTree = "<group>";
		};
		081928B02E823D2700117E0B /* Resources */ = {
			isa = PBXGroup;
			children = (
			);
			path = Resources;
			sourceTree = "<group>";
		};
		081928B12E823D4500117E0B /* Tabs */ = {
			isa = PBXGroup;
			children = (
				081928C62E823F7C00117E0B /* Tab.swift */,
			);
			path = Tabs;
			sourceTree = "<group>";
		};
		081928B22E823D4B00117E0B /* Search */ = {
			isa = PBXGroup;
			children = (
				081928B32E823D5500117E0B /* View */,
				081928B42E823D5900117E0B /* ViewModel */,
				081928B52E823D5D00117E0B /* Coordinator */,
			);
			path = Search;
			sourceTree = "<group>";
		};
		081928B32E823D5500117E0B /* View */ = {
			isa = PBXGroup;
			children = (
			);
			path = View;
			sourceTree = "<group>";
		};
		081928B42E823D5900117E0B /* ViewModel */ = {
			isa = PBXGroup;
			children = (
			);
			path = ViewModel;
			sourceTree = "<group>";
		};
		081928B52E823D5D00117E0B /* Coordinator */ = {
			isa = PBXGroup;
			children = (
			);
			path = Coordinator;
			sourceTree = "<group>";
		};
		081928B62E823D6400117E0B /* View */ = {
			isa = PBXGroup;
			children = (
			);
			path = View;
			sourceTree = "<group>";
		};
		081928B72E823D6400117E0B /* ViewModel */ = {
			isa = PBXGroup;
			children = (
			);
			path = ViewModel;
			sourceTree = "<group>";
		};
		081928B82E823D6400117E0B /* Coordinator */ = {
			isa = PBXGroup;
			children = (
			);
			path = Coordinator;
			sourceTree = "<group>";
		};
		081928B92E823D6400117E0B /* Learn */ = {
			isa = PBXGroup;
			children = (
				081928B62E823D6400117E0B /* View */,
				081928B72E823D6400117E0B /* ViewModel */,
				081928B82E823D6400117E0B /* Coordinator */,
			);
			path = Learn;
			sourceTree = "<group>";
		};
		081928BA2E823D6E00117E0B /* View */ = {
			isa = PBXGroup;
			children = (
			);
			path = View;
			sourceTree = "<group>";
		};
		081928BB2E823D6E00117E0B /* ViewModel */ = {
			isa = PBXGroup;
			children = (
			);
			path = ViewModel;
			sourceTree = "<group>";
		};
		081928BC2E823D6E00117E0B /* Coordinator */ = {
			isa = PBXGroup;
			children = (
			);
			path = Coordinator;
			sourceTree = "<group>";
		};
		081928BD2E823D6E00117E0B /* Review */ = {
			isa = PBXGroup;
			children = (
				081928BA2E823D6E00117E0B /* View */,
				081928BB2E823D6E00117E0B /* ViewModel */,
				081928BC2E823D6E00117E0B /* Coordinator */,
			);
			path = Review;
			sourceTree = "<group>";
		};
		081928BE2E823D7300117E0B /* View */ = {
			isa = PBXGroup;
			children = (
			);
			path = View;
			sourceTree = "<group>";
		};
		081928BF2E823D7300117E0B /* ViewModel */ = {
			isa = PBXGroup;
			children = (
			);
			path = ViewModel;
			sourceTree = "<group>";
		};
		081928C02E823D7300117E0B /* Coordinator */ = {
			isa = PBXGroup;
			children = (
			);
			path = Coordinator;
			sourceTree = "<group>";
		};
		081928C12E823D7300117E0B /* Forum */ = {
			isa = PBXGroup;
			children = (
				081928BE2E823D7300117E0B /* View */,
				081928BF2E823D7300117E0B /* ViewModel */,
				081928C02E823D7300117E0B /* Coordinator */,
			);
			path = Forum;
			sourceTree = "<group>";
		};
		081928C22E823D7700117E0B /* View */ = {
			isa = PBXGroup;
			children = (
			);
			path = View;
			sourceTree = "<group>";
		};
		081928C32E823D7700117E0B /* ViewModel */ = {
			isa = PBXGroup;
			children = (
			);
			path = ViewModel;
			sourceTree = "<group>";
		};
		081928C42E823D7700117E0B /* Coordinator */ = {
			isa = PBXGroup;
			children = (
			);
			path = Coordinator;
			sourceTree = "<group>";
		};
		081928C52E823D7700117E0B /* Settings */ = {
			isa = PBXGroup;
			children = (
				081928C22E823D7700117E0B /* View */,
				081928C32E823D7700117E0B /* ViewModel */,
				081928C42E823D7700117E0B /* Coordinator */,
			);
			path = Settings;
			sourceTree = "<group>";
		};
/* End PBXGroup section */

/* Begin PBXNativeTarget section */
		080CC0572E8117F80034A3EC /* Project2_20251 */ = {
			isa = PBXNativeTarget;
			buildConfigurationList = 080CC0632E8117F90034A3EC /* Build configuration list for PBXNativeTarget "Project2_20251" */;
			buildPhases = (
				080CC0542E8117F80034A3EC /* Sources */,
				080CC0552E8117F80034A3EC /* Frameworks */,
				080CC0562E8117F80034A3EC /* Resources */,
			);
			buildRules = (
			);
			dependencies = (
			);
			name = Project2_20251;
			packageProductDependencies = (
			);
			productName = Project2_20251;
			productReference = 080CC0582E8117F80034A3EC /* Project2_20251.app */;
			productType = "com.apple.product-type.application";
		};
/* End PBXNativeTarget section */

/* Begin PBXProject section */
		080CC0502E8117F80034A3EC /* Project object */ = {
			isa = PBXProject;
			attributes = {
				BuildIndependentTargetsInParallel = 1;
				LastSwiftUpdateCheck = 2600;
				LastUpgradeCheck = 2600;
				TargetAttributes = {
					080CC0572E8117F80034A3EC = {
						CreatedOnToolsVersion = 26.0;
					};
				};
			};
			buildConfigurationList = 080CC0532E8117F80034A3EC /* Build configuration list for PBXProject "Project2_20251" */;
			developmentRegion = en;
			hasScannedForEncodings = 0;
			knownRegions = (
				en,
				Base,
			);
			mainGroup = 080CC04F2E8117F80034A3EC;
			minimizedProjectReferenceProxies = 1;
			preferredProjectObjectVersion = 77;
			productRefGroup = 080CC0592E8117F80034A3EC /* Products */;
			projectDirPath = "";
			projectRoot = "";
			targets = (
				080CC0572E8117F80034A3EC /* Project2_20251 */,
			);
		};
/* End PBXProject section */

/* Begin PBXResourcesBuildPhase section */
		080CC0562E8117F80034A3EC /* Resources */ = {
			isa = PBXResourcesBuildPhase;
			buildActionMask = 2147483647;
			files = (
				081928A52E823CD500117E0B /* Assets.xcassets in Resources */,
			);
			runOnlyForDeploymentPostprocessing = 0;
		};
/* End PBXResourcesBuildPhase section */

/* Begin PBXSourcesBuildPhase section */
		080CC0542E8117F80034A3EC /* Sources */ = {
			isa = PBXSourcesBuildPhase;
			buildActionMask = 2147483647;
			files = (
				081928C72E823F7C00117E0B /* Tab.swift in Sources */,
				081928A62E823CD500117E0B /* ContentView.swift in Sources */,
				081928A72E823CD500117E0B /* Project2_20251App.swift in Sources */,
			);
			runOnlyForDeploymentPostprocessing = 0;
		};
/* End PBXSourcesBuildPhase section */

/* Begin XCBuildConfiguration section */
		080CC0612E8117F90034A3EC /* Debug */ = {
			isa = XCBuildConfiguration;
			buildSettings = {
				ALWAYS_SEARCH_USER_PATHS = NO;
				ASSETCATALOG_COMPILER_GENERATE_SWIFT_ASSET_SYMBOL_EXTENSIONS = YES;
				CLANG_ANALYZER_NONNULL = YES;
				CLANG_ANALYZER_NUMBER_OBJECT_CONVERSION = YES_AGGRESSIVE;
				CLANG_CXX_LANGUAGE_STANDARD = "gnu++20";
				CLANG_ENABLE_MODULES = YES;
				CLANG_ENABLE_OBJC_ARC = YES;
				CLANG_ENABLE_OBJC_WEAK = YES;
				CLANG_WARN_BLOCK_CAPTURE_AUTORELEASING = YES;
				CLANG_WARN_BOOL_CONVERSION = YES;
				CLANG_WARN_COMMA = YES;
				CLANG_WARN_CONSTANT_CONVERSION = YES;
				CLANG_WARN_DEPRECATED_OBJC_IMPLEMENTATIONS = YES;
				CLANG_WARN_DIRECT_OBJC_ISA_USAGE = YES_ERROR;
				CLANG_WARN_DOCUMENTATION_COMMENTS = YES;
				CLANG_WARN_EMPTY_BODY = YES;
				CLANG_WARN_ENUM_CONVERSION = YES;
				CLANG_WARN_INFINITE_RECURSION = YES;
				CLANG_WARN_INT_CONVERSION = YES;
				CLANG_WARN_NON_LITERAL_NULL_CONVERSION = YES;
				CLANG_WARN_OBJC_IMPLICIT_RETAIN_SELF = YES;
				CLANG_WARN_OBJC_LITERAL_CONVERSION = YES;
				CLANG_WARN_OBJC_ROOT_CLASS = YES_ERROR;
				CLANG_WARN_QUOTED_INCLUDE_IN_FRAMEWORK_HEADER = YES;
				CLANG_WARN_RANGE_LOOP_ANALYSIS = YES;
				CLANG_WARN_STRICT_PROTOTYPES = YES;
				CLANG_WARN_SUSPICIOUS_MOVE = YES;
				CLANG_WARN_UNGUARDED_AVAILABILITY = YES_AGGRESSIVE;
				CLANG_WARN_UNREACHABLE_CODE = YES;
				CLANG_WARN__DUPLICATE_METHOD_MATCH = YES;
				COPY_PHASE_STRIP = NO;
				DEBUG_INFORMATION_FORMAT = dwarf;
				DEVELOPMENT_TEAM = WT5PJGD97N;
				ENABLE_STRICT_OBJC_MSGSEND = YES;
				ENABLE_TESTABILITY = YES;
				ENABLE_USER_SCRIPT_SANDBOXING = YES;
				GCC_C_LANGUAGE_STANDARD = gnu17;
				GCC_DYNAMIC_NO_PIC = NO;
				GCC_NO_COMMON_BLOCKS = YES;
				GCC_OPTIMIZATION_LEVEL = 0;
				GCC_PREPROCESSOR_DEFINITIONS = (
					"DEBUG=1",
					"$(inherited)",
				);
				GCC_WARN_64_TO_32_BIT_CONVERSION = YES;
				GCC_WARN_ABOUT_RETURN_TYPE = YES_ERROR;
				GCC_WARN_UNDECLARED_SELECTOR = YES;
				GCC_WARN_UNINITIALIZED_AUTOS = YES_AGGRESSIVE;
				GCC_WARN_UNUSED_FUNCTION = YES;
				GCC_WARN_UNUSED_VARIABLE = YES;
				IPHONEOS_DEPLOYMENT_TARGET = 26.0;
				LOCALIZATION_PREFERS_STRING_CATALOGS = YES;
				MTL_ENABLE_DEBUG_INFO = INCLUDE_SOURCE;
				MTL_FAST_MATH = YES;
				ONLY_ACTIVE_ARCH = YES;
				SDKROOT = iphoneos;
				SWIFT_ACTIVE_COMPILATION_CONDITIONS = "DEBUG $(inherited)";
				SWIFT_OPTIMIZATION_LEVEL = "-Onone";
			};
			name = Debug;
		};
		080CC0622E8117F90034A3EC /* Release */ = {
			isa = XCBuildConfiguration;
			buildSettings = {
				ALWAYS_SEARCH_USER_PATHS = NO;
				ASSETCATALOG_COMPILER_GENERATE_SWIFT_ASSET_SYMBOL_EXTENSIONS = YES;
				CLANG_ANALYZER_NONNULL = YES;
				CLANG_ANALYZER_NUMBER_OBJECT_CONVERSION = YES_AGGRESSIVE;
				CLANG_CXX_LANGUAGE_STANDARD = "gnu++20";
				CLANG_ENABLE_MODULES = YES;
				CLANG_ENABLE_OBJC_ARC = YES;
				CLANG_ENABLE_OBJC_WEAK = YES;
				CLANG_WARN_BLOCK_CAPTURE_AUTORELEASING = YES;
				CLANG_WARN_BOOL_CONVERSION = YES;
				CLANG_WARN_COMMA = YES;
				CLANG_WARN_CONSTANT_CONVERSION = YES;
				CLANG_WARN_DEPRECATED_OBJC_IMPLEMENTATIONS = YES;
				CLANG_WARN_DIRECT_OBJC_ISA_USAGE = YES_ERROR;
				CLANG_WARN_DOCUMENTATION_COMMENTS = YES;
				CLANG_WARN_EMPTY_BODY = YES;
				CLANG_WARN_ENUM_CONVERSION = YES;
				CLANG_WARN_INFINITE_RECURSION = YES;
				CLANG_WARN_INT_CONVERSION = YES;
				CLANG_WARN_NON_LITERAL_NULL_CONVERSION = YES;
				CLANG_WARN_OBJC_IMPLICIT_RETAIN_SELF = YES;
				CLANG_WARN_OBJC_LITERAL_CONVERSION = YES;
				CLANG_WARN_OBJC_ROOT_CLASS = YES_ERROR;
				CLANG_WARN_QUOTED_INCLUDE_IN_FRAMEWORK_HEADER = YES;
				CLANG_WARN_RANGE_LOOP_ANALYSIS = YES;
				CLANG_WARN_STRICT_PROTOTYPES = YES;
				CLANG_WARN_SUSPICIOUS_MOVE = YES;
				CLANG_WARN_UNGUARDED_AVAILABILITY = YES_AGGRESSIVE;
				CLANG_WARN_UNREACHABLE_CODE = YES;
				CLANG_WARN__DUPLICATE_METHOD_MATCH = YES;
				COPY_PHASE_STRIP = NO;
				DEBUG_INFORMATION_FORMAT = "dwarf-with-dsym";
				DEVELOPMENT_TEAM = WT5PJGD97N;
				ENABLE_NS_ASSERTIONS = NO;
				ENABLE_STRICT_OBJC_MSGSEND = YES;
				ENABLE_USER_SCRIPT_SANDBOXING = YES;
				GCC_C_LANGUAGE_STANDARD = gnu17;
				GCC_NO_COMMON_BLOCKS = YES;
				GCC_WARN_64_TO_32_BIT_CONVERSION = YES;
				GCC_WARN_ABOUT_RETURN_TYPE = YES_ERROR;
				GCC_WARN_UNDECLARED_SELECTOR = YES;
				GCC_WARN_UNINITIALIZED_AUTOS = YES_AGGRESSIVE;
				GCC_WARN_UNUSED_FUNCTION = YES;
				GCC_WARN_UNUSED_VARIABLE = YES;
				IPHONEOS_DEPLOYMENT_TARGET = 26.0;
				LOCALIZATION_PREFERS_STRING_CATALOGS = YES;
				MTL_ENABLE_DEBUG_INFO = NO;
				MTL_FAST_MATH = YES;
				SDKROOT = iphoneos;
				SWIFT_COMPILATION_MODE = wholemodule;
				VALIDATE_PRODUCT = YES;
			};
			name = Release;
		};
		080CC0642E8117F90034A3EC /* Debug */ = {
			isa = XCBuildConfiguration;
			buildSettings = {
				ASSETCATALOG_COMPILER_APPICON_NAME = AppIcon;
				ASSETCATALOG_COMPILER_GLOBAL_ACCENT_COLOR_NAME = AccentColor;
				CODE_SIGN_STYLE = Automatic;
				CURRENT_PROJECT_VERSION = 1;
				DEVELOPMENT_TEAM = WT5PJGD97N;
				ENABLE_PREVIEWS = YES;
				GENERATE_INFOPLIST_FILE = YES;
				INFOPLIST_KEY_UIApplicationSceneManifest_Generation = YES;
				INFOPLIST_KEY_UIApplicationSupportsIndirectInputEvents = YES;
				INFOPLIST_KEY_UILaunchScreen_Generation = YES;
				INFOPLIST_KEY_UISupportedInterfaceOrientations_iPad = "UIInterfaceOrientationPortrait UIInterfaceOrientationPortraitUpsideDown UIInterfaceOrientationLandscapeLeft UIInterfaceOrientationLandscapeRight";
				INFOPLIST_KEY_UISupportedInterfaceOrientations_iPhone = "UIInterfaceOrientationPortrait UIInterfaceOrientationLandscapeLeft UIInterfaceOrientationLandscapeRight";
				LD_RUNPATH_SEARCH_PATHS = (
					"$(inherited)",
					"@executable_path/Frameworks",
				);
				MARKETING_VERSION = 1.0;
				PRODUCT_BUNDLE_IDENTIFIER = "quanganh2405.Project2-20251";
				PRODUCT_NAME = "$(TARGET_NAME)";
				STRING_CATALOG_GENERATE_SYMBOLS = YES;
				SWIFT_APPROACHABLE_CONCURRENCY = YES;
				SWIFT_DEFAULT_ACTOR_ISOLATION = MainActor;
				SWIFT_EMIT_LOC_STRINGS = YES;
				SWIFT_UPCOMING_FEATURE_MEMBER_IMPORT_VISIBILITY = YES;
				SWIFT_VERSION = 5.0;
				TARGETED_DEVICE_FAMILY = "1,2";
			};
			name = Debug;
		};
		080CC0652E8117F90034A3EC /* Release */ = {
			isa = XCBuildConfiguration;
			buildSettings = {
				ASSETCATALOG_COMPILER_APPICON_NAME = AppIcon;
				ASSETCATALOG_COMPILER_GLOBAL_ACCENT_COLOR_NAME = AccentColor;
				CODE_SIGN_STYLE = Automatic;
				CURRENT_PROJECT_VERSION = 1;
				DEVELOPMENT_TEAM = WT5PJGD97N;
				ENABLE_PREVIEWS = YES;
				GENERATE_INFOPLIST_FILE = YES;
				INFOPLIST_KEY_UIApplicationSceneManifest_Generation = YES;
				INFOPLIST_KEY_UIApplicationSupportsIndirectInputEvents = YES;
				INFOPLIST_KEY_UILaunchScreen_Generation = YES;
				INFOPLIST_KEY_UISupportedInterfaceOrientations_iPad = "UIInterfaceOrientationPortrait UIInterfaceOrientationPortraitUpsideDown UIInterfaceOrientationLandscapeLeft UIInterfaceOrientationLandscapeRight";
				INFOPLIST_KEY_UISupportedInterfaceOrientations_iPhone = "UIInterfaceOrientationPortrait UIInterfaceOrientationLandscapeLeft UIInterfaceOrientationLandscapeRight";
				LD_RUNPATH_SEARCH_PATHS = (
					"$(inherited)",
					"@executable_path/Frameworks",
				);
				MARKETING_VERSION = 1.0;
				PRODUCT_BUNDLE_IDENTIFIER = "quanganh2405.Project2-20251";
				PRODUCT_NAME = "$(TARGET_NAME)";
				STRING_CATALOG_GENERATE_SYMBOLS = YES;
				SWIFT_APPROACHABLE_CONCURRENCY = YES;
				SWIFT_DEFAULT_ACTOR_ISOLATION = MainActor;
				SWIFT_EMIT_LOC_STRINGS = YES;
				SWIFT_UPCOMING_FEATURE_MEMBER_IMPORT_VISIBILITY = YES;
				SWIFT_VERSION = 5.0;
				TARGETED_DEVICE_FAMILY = "1,2";
			};
			name = Release;
		};
/* End XCBuildConfiguration section */

/* Begin XCConfigurationList section */
		080CC0532E8117F80034A3EC /* Build configuration list for PBXProject "Project2_20251" */ = {
			isa = XCConfigurationList;
			buildConfigurations = (
				080CC0612E8117F90034A3EC /* Debug */,
				080CC0622E8117F90034A3EC /* Release */,
			);
			defaultConfigurationIsVisible = 0;
			defaultConfigurationName = Release;
		};
		080CC0632E8117F90034A3EC /* Build configuration list for PBXNativeTarget "Project2_20251" */ = {
			isa = XCConfigurationList;
			buildConfigurations = (
				080CC0642E8117F90034A3EC /* Debug */,
				080CC0652E8117F90034A3EC /* Release */,
			);
			defaultConfigurationIsVisible = 0;
			defaultConfigurationName = Release;
		};
/* End XCConfigurationList section */
	};
	rootObject = 080CC0502E8117F80034A3EC /* Project object */;
}
